
Microsoft Visual Studio Solution File, Format Version 12.00
# Visual Studio Version 16
VisualStudioVersion = 16.0.30114.105
MinimumVisualStudioVersion = 10.0.40219.1
Project("{FAE04EC0-301F-11D3-BF4B-00C04F79EFBC}") = "PrimeService", "PrimeService\PrimeService.csproj", "{5C09FEA3-8AB2-4D7F-93C3-AB36963FEF1C}"
EndProject
Project("{FAE04EC0-301F-11D3-BF4B-00C04F79EFBC}") = "PrimeService.Tests", "PrimeService.Tests\PrimeService.Tests.csproj", "{CE7F04AD-3199-4C40-AE21-469F0FD1E835}"
EndProject
Global
	GlobalSection(SolutionConfigurationPlatforms) = preSolution
		Debug|Any CPU = Debug|Any CPU
		Release|Any CPU = Release|Any CPU
	EndGlobalSection
	GlobalSection(SolutionProperties) = preSolution
		HideSolutionNode = FALSE
	EndGlobalSection
	GlobalSection(ProjectConfigurationPlatforms) = postSolution
		{5C09FEA3-8AB2-4D7F-93C3-AB36963FEF1C}.Debug|Any CPU.ActiveCfg = Debug|Any CPU
		{5C09FEA3-8AB2-4D7F-93C3-AB36963FEF1C}.Debug|Any CPU.Build.0 = Debug|Any CPU
		{5C09FEA3-8AB2-4D7F-93C3-AB36963FEF1C}.Release|Any CPU.ActiveCfg = Release|Any CPU
		{5C09FEA3-8AB2-4D7F-93C3-AB36963FEF1C}.Release|Any CPU.Build.0 = Release|Any CPU
		{CE7F04AD-3199-4C40-AE21-469F0FD1E835}.Debug|Any CPU.ActiveCfg = Debug|Any CPU
		{CE7F04AD-3199-4C40-AE21-469F0FD1E835}.Debug|Any CPU.Build.0 = Debug|Any CPU
		{CE7F04AD-3199-4C40-AE21-469F0FD1E835}.Release|Any CPU.ActiveCfg = Release|Any CPU
		{CE7F04AD-3199-4C40-AE21-469F0FD1E835}.Release|Any CPU.Build.0 = Release|Any CPU
	EndGlobalSection
EndGlobal
